
Microsoft Visual Studio Solution File, Format Version 12.00
# Visual Studio Version 17
VisualStudioVersion = 17.0.32112.339
MinimumVisualStudioVersion = 10.0.40219.1
Project("{FAE04EC0-301F-11D3-BF4B-00C04F79EFBC}") = "Lab2_Task2", "Lab2_Task2\Lab2_Task2.csproj", "{1941E403-810E-482F-8DE1-EC736DD0A847}"
EndProject
Global
	GlobalSection(SolutionConfigurationPlatforms) = preSolution
		Debug|Any CPU = Debug|Any CPU
		Release|Any CPU = Release|Any CPU
	EndGlobalSection
	GlobalSection(ProjectConfigurationPlatforms) = postSolution
		{1941E403-810E-482F-8DE1-EC736DD0A847}.Debug|Any CPU.ActiveCfg = Debug|Any CPU
		{1941E403-810E-482F-8DE1-EC736DD0A847}.Debug|Any CPU.Build.0 = Debug|Any CPU
		{1941E403-810E-482F-8DE1-EC736DD0A847}.Release|Any CPU.ActiveCfg = Release|Any CPU
		{1941E403-810E-482F-8DE1-EC736DD0A847}.Release|Any CPU.Build.0 = Release|Any CPU
	EndGlobalSection
	GlobalSection(SolutionProperties) = preSolution
		HideSolutionNode = FALSE
	EndGlobalSection
	GlobalSection(ExtensibilityGlobals) = postSolution
		SolutionGuid = {9BCCCC97-C4B3-4EEE-B613-0DD007C75542}
	EndGlobalSection
EndGlobal
